// !$*UTF8*$!
{
	archiveVersion = 1;
	classes = {
	};
	objectVersion = 46;
	objects = {

/* Begin PBXBuildFile section */
		32654D361B6B810C0084769E /* main.m in Sources */ = {isa = PBXBuildFile; fileRef = 32654D351B6B810C0084769E /* main.m */; };
		32654D391B6B810C0084769E /* AppDelegate.m in Sources */ = {isa = PBXBuildFile; fileRef = 32654D381B6B810C0084769E /* AppDelegate.m */; };
		32654D3C1B6B810C0084769E /* ViewController.m in Sources */ = {isa = PBXBuildFile; fileRef = 32654D3B1B6B810C0084769E /* ViewController.m */; };
		32654D3F1B6B810C0084769E /* Main.storyboard in Resources */ = {isa = PBXBuildFile; fileRef = 32654D3D1B6B810C0084769E /* Main.storyboard */; };
		32654D411B6B810C0084769E /* Images.xcassets in Resources */ = {isa = PBXBuildFile; fileRef = 32654D401B6B810C0084769E /* Images.xcassets */; };
		32654D441B6B810C0084769E /* LaunchScreen.xib in Resources */ = {isa = PBXBuildFile; fileRef = 32654D421B6B810C0084769E /* LaunchScreen.xib */; };
		32654D501B6B810C0084769E /* uuuTests.m in Sources */ = {isa = PBXBuildFile; fileRef = 32654D4F1B6B810C0084769E /* uuuTests.m */; };
		32654D5B1B6B81370084769E /* ZHSon.m in Sources */ = {isa = PBXBuildFile; fileRef = 32654D5A1B6B81370084769E /* ZHSon.m */; };
		32654D5E1B6B81790084769E /* ZHon.m in Sources */ = {isa = PBXBuildFile; fileRef = 32654D5D1B6B81790084769E /* ZHon.m */; };
/* End PBXBuildFile section */

/* Begin PBXContainerItemProxy section */
		32654D4A1B6B810C0084769E /* PBXContainerItemProxy */ = {
			isa = PBXContainerItemProxy;
			containerPortal = 32654D281B6B810C0084769E /* Project object */;
			proxyType = 1;
			remoteGlobalIDString = 32654D2F1B6B810C0084769E;
			remoteInfo = uuu;
		};
/* End PBXContainerItemProxy section */

/* Begin PBXFileReference section */
		32654D301B6B810C0084769E /* uuu.app */ = {isa = PBXFileReference; explicitFileType = wrapper.application; includeInIndex = 0; path = uuu.app; sourceTree = BUILT_PRODUCTS_DIR; };
		32654D341B6B810C0084769E /* Info.plist */ = {isa = PBXFileReference; lastKnownFileType = text.plist.xml; path = Info.plist; sourceTree = "<group>"; };
		32654D351B6B810C0084769E /* main.m */ = {isa = PBXFileReference; lastKnownFileType = sourcecode.c.objc; path = main.m; sourceTree = "<group>"; };
		32654D371B6B810C0084769E /* AppDelegate.h */ = {isa = PBXFileReference; lastKnownFileType = sourcecode.c.h; path = AppDelegate.h; sourceTree = "<group>"; };
		32654D381B6B810C0084769E /* AppDelegate.m */ = {isa = PBXFileReference; lastKnownFileType = sourcecode.c.objc; path = AppDelegate.m; sourceTree = "<group>"; };
		32654D3A1B6B810C0084769E /* ViewController.h */ = {isa = PBXFileReference; lastKnownFileType = sourcecode.c.h; path = ViewController.h; sourceTree = "<group>"; };
		32654D3B1B6B810C0084769E /* ViewController.m */ = {isa = PBXFileReference; lastKnownFileType = sourcecode.c.objc; path = ViewController.m; sourceTree = "<group>"; };
		32654D3E1B6B810C0084769E /* Base */ = {isa = PBXFileReference; lastKnownFileType = file.storyboard; name = Base; path = Base.lproj/Main.storyboard; sourceTree = "<group>"; };
		32654D401B6B810C0084769E /* Images.xcassets */ = {isa = PBXFileReference; lastKnownFileType = folder.assetcatalog; path = Images.xcassets; sourceTree = "<group>"; };
		32654D431B6B810C0084769E /* Base */ = {isa = PBXFileReference; lastKnownFileType = file.xib; name = Base; path = Base.lproj/LaunchScreen.xib; sourceTree = "<group>"; };
		32654D491B6B810C0084769E /* uuuTests.xctest */ = {isa = PBXFileReference; explicitFileType = wrapper.cfbundle; includeInIndex = 0; path = uuuTests.xctest; sourceTree = BUILT_PRODUCTS_DIR; };
		32654D4E1B6B810C0084769E /* Info.plist */ = {isa = PBXFileReference; lastKnownFileType = text.plist.xml; path = Info.plist; sourceTree = "<group>"; };
		32654D4F1B6B810C0084769E /* uuuTests.m */ = {isa = PBXFileReference; lastKnownFileType = sourcecode.c.objc; path = uuuTests.m; sourceTree = "<group>"; };
		32654D591B6B81370084769E /* ZHSon.h */ = {isa = PBXFileReference; fileEncoding = 4; lastKnownFileType = sourcecode.c.h; path = ZHSon.h; sourceTree = "<group>"; };
		32654D5A1B6B81370084769E /* ZHSon.m */ = {isa = PBXFileReference; fileEncoding = 4; lastKnownFileType = sourcecode.c.objc; path = ZHSon.m; sourceTree = "<group>"; };
		32654D5C1B6B81790084769E /* ZHon.h */ = {isa = PBXFileReference; fileEncoding = 4; lastKnownFileType = sourcecode.c.h; path = ZHon.h; sourceTree = "<group>"; };
		32654D5D1B6B81790084769E /* ZHon.m */ = {isa = PBXFileReference; fileEncoding = 4; lastKnownFileType = sourcecode.c.objc; path = ZHon.m; sourceTree = "<group>"; };
/* End PBXFileReference section */

/* Begin PBXFrameworksBuildPhase section */
		32654D2D1B6B810C0084769E /* Frameworks */ = {
			isa = PBXFrameworksBuildPhase;
			buildActionMask = 2147483647;
			files = (
			);
			runOnlyForDeploymentPostprocessing = 0;
		};
		32654D461B6B810C0084769E /* Frameworks */ = {
			isa = PBXFrameworksBuildPhase;
			buildActionMask = 2147483647;
			files = (
			);
			runOnlyForDeploymentPostprocessing = 0;
		};
/* End PBXFrameworksBuildPhase section */

/* Begin PBXGroup section */
		32654D271B6B810C0084769E = {
			isa = PBXGroup;
			children = (
				32654D321B6B810C0084769E /* uuu */,
				32654D4C1B6B810C0084769E /* uuuTests */,
				32654D311B6B810C0084769E /* Products */,
			);
			sourceTree = "<group>";
		};
		32654D311B6B810C0084769E /* Products */ = {
			isa = PBXGroup;
			children = (
				32654D301B6B810C0084769E /* uuu.app */,
				32654D491B6B810C0084769E /* uuuTests.xctest */,
			);
			name = Products;
			sourceTree = "<group>";
		};
		32654D321B6B810C0084769E /* uuu */ = {
			isa = PBXGroup;
			children = (
				32654D371B6B810C0084769E /* AppDelegate.h */,
				32654D381B6B810C0084769E /* AppDelegate.m */,
				32654D3A1B6B810C0084769E /* ViewController.h */,
				32654D3B1B6B810C0084769E /* ViewController.m */,
				32654D591B6B81370084769E /* ZHSon.h */,
				32654D5A1B6B81370084769E /* ZHSon.m */,
				32654D5C1B6B81790084769E /* ZHon.h */,
				32654D5D1B6B81790084769E /* ZHon.m */,
				32654D3D1B6B810C0084769E /* Main.storyboard */,
				32654D401B6B810C0084769E /* Images.xcassets */,
				32654D421B6B810C0084769E /* LaunchScreen.xib */,
				32654D331B6B810C0084769E /* Supporting Files */,
			);
			path = uuu;
			sourceTree = "<group>";
		};
		32654D331B6B810C0084769E /* Supporting Files */ = {
			isa = PBXGroup;
			children = (
				32654D341B6B810C0084769E /* Info.plist */,
				32654D351B6B810C0084769E /* main.m */,
			);
			name = "Supporting Files";
			sourceTree = "<group>";
		};
		32654D4C1B6B810C0084769E /* uuuTests */ = {
			isa = PBXGroup;
			children = (
				32654D4F1B6B810C0084769E /* uuuTests.m */,
				32654D4D1B6B810C0084769E /* Supporting Files */,
			);
			path = uuuTests;
			sourceTree = "<group>";
		};
		32654D4D1B6B810C0084769E /* Supporting Files */ = {
			isa = PBXGroup;
			children = (
				32654D4E1B6B810C0084769E /* Info.plist */,
			);
			name = "Supporting Files";
			sourceTree = "<group>";
		};
/* End PBXGroup section */

/* Begin PBXNativeTarget section */
		32654D2F1B6B810C0084769E /* uuu */ = {
			isa = PBXNativeTarget;
			buildConfigurationList = 32654D531B6B810C0084769E /* Build configuration list for PBXNativeTarget "uuu" */;
			buildPhases = (
				32654D2C1B6B810C0084769E /* Sources */,
				32654D2D1B6B810C0084769E /* Frameworks */,
				32654D2E1B6B810C0084769E /* Resources */,
			);
			buildRules = (
			);
			dependencies = (
			);
			name = uuu;
			productName = uuu;
			productReference = 32654D301B6B810C0084769E /* uuu.app */;
			productType = "com.apple.product-type.application";
		};
		32654D481B6B810C0084769E /* uuuTests */ = {
			isa = PBXNativeTarget;
			buildConfigurationList = 32654D561B6B810C0084769E /* Build configuration list for PBXNativeTarget "uuuTests" */;
			buildPhases = (
				32654D451B6B810C0084769E /* Sources */,
				32654D461B6B810C0084769E /* Frameworks */,
				32654D471B6B810C0084769E /* Resources */,
			);
			buildRules = (
			);
			dependencies = (
				32654D4B1B6B810C0084769E /* PBXTargetDependency */,
			);
			name = uuuTests;
			productName = uuuTests;
			productReference = 32654D491B6B810C0084769E /* uuuTests.xctest */;
			productType = "com.apple.product-type.bundle.unit-test";
		};
/* End PBXNativeTarget section */

/* Begin PBXProject section */
		32654D281B6B810C0084769E /* Project object */ = {
			isa = PBXProject;
			attributes = {
				LastUpgradeCheck = 0610;
				ORGANIZATIONNAME = heima;
				TargetAttributes = {
					32654D2F1B6B810C0084769E = {
						CreatedOnToolsVersion = 6.1;
					};
					32654D481B6B810C0084769E = {
						CreatedOnToolsVersion = 6.1;
						TestTargetID = 32654D2F1B6B810C0084769E;
					};
				};
			};
			buildConfigurationList = 32654D2B1B6B810C0084769E /* Build configuration list for PBXProject "uuu" */;
			compatibilityVersion = "Xcode 3.2";
			developmentRegion = English;
			hasScannedForEncodings = 0;
			knownRegions = (
				en,
				Base,
			);
			mainGroup = 32654D271B6B810C0084769E;
			productRefGroup = 32654D311B6B810C0084769E /* Products */;
			projectDirPath = "";
			projectRoot = "";
			targets = (
				32654D2F1B6B810C0084769E /* uuu */,
				32654D481B6B810C0084769E /* uuuTests */,
			);
		};
/* End PBXProject section */

/* Begin PBXResourcesBuildPhase section */
		32654D2E1B6B810C0084769E /* Resources */ = {
			isa = PBXResourcesBuildPhase;
			buildActionMask = 2147483647;
			files = (
				32654D3F1B6B810C0084769E /* Main.storyboard in Resources */,
				32654D441B6B810C0084769E /* LaunchScreen.xib in Resources */,
				32654D411B6B810C0084769E /* Images.xcassets in Resources */,
			);
			runOnlyForDeploymentPostprocessing = 0;
		};
		32654D471B6B810C0084769E /* Resources */ = {
			isa = PBXResourcesBuildPhase;
			buildActionMask = 2147483647;
			files = (
			);
			runOnlyForDeploymentPostprocessing = 0;
		};
/* End PBXResourcesBuildPhase section */

/* Begin PBXSourcesBuildPhase section */
		32654D2C1B6B810C0084769E /* Sources */ = {
			isa = PBXSourcesBuildPhase;
			buildActionMask = 2147483647;
			files = (
				32654D5E1B6B81790084769E /* ZHon.m in Sources */,
				32654D5B1B6B81370084769E /* ZHSon.m in Sources */,
				32654D3C1B6B810C0084769E /* ViewController.m in Sources */,
				32654D391B6B810C0084769E /* AppDelegate.m in Sources */,
				32654D361B6B810C0084769E /* main.m in Sources */,
			);
			runOnlyForDeploymentPostprocessing = 0;
		};
		32654D451B6B810C0084769E /* Sources */ = {
			isa = PBXSourcesBuildPhase;
			buildActionMask = 2147483647;
			files = (
				32654D501B6B810C0084769E /* uuuTests.m in Sources */,
			);
			runOnlyForDeploymentPostprocessing = 0;
		};
/* End PBXSourcesBuildPhase section */

/* Begin PBXTargetDependency section */
		32654D4B1B6B810C0084769E /* PBXTargetDependency */ = {
			isa = PBXTargetDependency;
			target = 32654D2F1B6B810C0084769E /* uuu */;
			targetProxy = 32654D4A1B6B810C0084769E /* PBXContainerItemProxy */;
		};
/* End PBXTargetDependency section */

/* Begin PBXVariantGroup section */
		32654D3D1B6B810C0084769E /* Main.storyboard */ = {
			isa = PBXVariantGroup;
			children = (
				32654D3E1B6B810C0084769E /* Base */,
			);
			name = Main.storyboard;
			sourceTree = "<group>";
		};
		32654D421B6B810C0084769E /* LaunchScreen.xib */ = {
			isa = PBXVariantGroup;
			children = (
				32654D431B6B810C0084769E /* Base */,
			);
			name = LaunchScreen.xib;
			sourceTree = "<group>";
		};
/* End PBXVariantGroup section */

/* Begin XCBuildConfiguration section */
		32654D511B6B810C0084769E /* Debug */ = {
			isa = XCBuildConfiguration;
			buildSettings = {
				ALWAYS_SEARCH_USER_PATHS = NO;
				CLANG_CXX_LANGUAGE_STANDARD = "gnu++0x";
				CLANG_CXX_LIBRARY = "libc++";
				CLANG_ENABLE_MODULES = YES;
				CLANG_ENABLE_OBJC_ARC = YES;
				CLANG_WARN_BOOL_CONVERSION = YES;
				CLANG_WARN_CONSTANT_CONVERSION = YES;
				CLANG_WARN_DIRECT_OBJC_ISA_USAGE = YES_ERROR;
				CLANG_WARN_EMPTY_BODY = YES;
				CLANG_WARN_ENUM_CONVERSION = YES;
				CLANG_WARN_INT_CONVERSION = YES;
				CLANG_WARN_OBJC_ROOT_CLASS = YES_ERROR;
				CLANG_WARN_UNREACHABLE_CODE = YES;
				CLANG_WARN__DUPLICATE_METHOD_MATCH = YES;
				"CODE_SIGN_IDENTITY[sdk=iphoneos*]" = "iPhone Developer";
				COPY_PHASE_STRIP = NO;
				ENABLE_STRICT_OBJC_MSGSEND = YES;
				GCC_C_LANGUAGE_STANDARD = gnu99;
				GCC_DYNAMIC_NO_PIC = NO;
				GCC_OPTIMIZATION_LEVEL = 0;
				GCC_PREPROCESSOR_DEFINITIONS = (
					"DEBUG=1",
					"$(inherited)",
				);
				GCC_SYMBOLS_PRIVATE_EXTERN = NO;
				GCC_WARN_64_TO_32_BIT_CONVERSION = YES;
				GCC_WARN_ABOUT_RETURN_TYPE = YES_ERROR;
				GCC_WARN_UNDECLARED_SELECTOR = YES;
				GCC_WARN_UNINITIALIZED_AUTOS = YES_AGGRESSIVE;
				GCC_WARN_UNUSED_FUNCTION = YES;
				GCC_WARN_UNUSED_VARIABLE = YES;
				IPHONEOS_DEPLOYMENT_TARGET = 8.1;
				MTL_ENABLE_DEBUG_INFO = YES;
				ONLY_ACTIVE_ARCH = YES;
				SDKROOT = iphoneos;
			};
			name = Debug;
		};
		32654D521B6B810C0084769E /* Release */ = {
			isa = XCBuildConfiguration;
			buildSettings = {
				ALWAYS_SEARCH_USER_PATHS = NO;
				CLANG_CXX_LANGUAGE_STANDARD = "gnu++0x";
				CLANG_CXX_LIBRARY = "libc++";
				CLANG_ENABLE_MODULES = YES;
				CLANG_ENABLE_OBJC_ARC = YES;
				CLANG_WARN_BOOL_CONVERSION = YES;
				CLANG_WARN_CONSTANT_CONVERSION = YES;
				CLANG_WARN_DIRECT_OBJC_ISA_USAGE = YES_ERROR;
				CLANG_WARN_EMPTY_BODY = YES;
				CLANG_WARN_ENUM_CONVERSION = YES;
				CLANG_WARN_INT_CONVERSION = YES;
				CLANG_WARN_OBJC_ROOT_CLASS = YES_ERROR;
				CLANG_WARN_UNREACHABLE_CODE = YES;
				CLANG_WARN__DUPLICATE_METHOD_MATCH = YES;
				"CODE_SIGN_IDENTITY[sdk=iphoneos*]" = "iPhone Developer";
				COPY_PHASE_STRIP = YES;
				ENABLE_NS_ASSERTIONS = NO;
				ENABLE_STRICT_OBJC_MSGSEND = YES;
				GCC_C_LANGUAGE_STANDARD = gnu99;
				GCC_WARN_64_TO_32_BIT_CONVERSION = YES;
				GCC_WARN_ABOUT_RETURN_TYPE = YES_ERROR;
				GCC_WARN_UNDECLARED_SELECTOR = YES;
				GCC_WARN_UNINITIALIZED_AUTOS = YES_AGGRESSIVE;
				GCC_WARN_UNUSED_FUNCTION = YES;
				GCC_WARN_UNUSED_VARIABLE = YES;
				IPHONEOS_DEPLOYMENT_TARGET = 8.1;
				MTL_ENABLE_DEBUG_INFO = NO;
				SDKROOT = iphoneos;
				VALIDATE_PRODUCT = YES;
			};
			name = Release;
		};
		32654D541B6B810C0084769E /* Debug */ = {
			isa = XCBuildConfiguration;
			buildSettings = {
				ASSETCATALOG_COMPILER_APPICON_NAME = AppIcon;
				INFOPLIST_FILE = uuu/Info.plist;
				LD_RUNPATH_SEARCH_PATHS = "$(inherited) @executable_path/Frameworks";
				PRODUCT_NAME = "$(TARGET_NAME)";
			};
			name = Debug;
		};
		32654D551B6B810C0084769E /* Release */ = {
			isa = XCBuildConfiguration;
			buildSettings = {
				ASSETCATALOG_COMPILER_APPICON_NAME = AppIcon;
				INFOPLIST_FILE = uuu/Info.plist;
				LD_RUNPATH_SEARCH_PATHS = "$(inherited) @executable_path/Frameworks";
				PRODUCT_NAME = "$(TARGET_NAME)";
			};
			name = Release;
		};
		32654D571B6B810C0084769E /* Debug */ = {
			isa = XCBuildConfiguration;
			buildSettings = {
				BUNDLE_LOADER = "$(TEST_HOST)";
				FRAMEWORK_SEARCH_PATHS = (
					"$(SDKROOT)/Developer/Library/Frameworks",
					"$(inherited)",
				);
				GCC_PREPROCESSOR_DEFINITIONS = (
					"DEBUG=1",
					"$(inherited)",
				);
				INFOPLIST_FILE = uuuTests/Info.plist;
				LD_RUNPATH_SEARCH_PATHS = "$(inherited) @executable_path/Frameworks @loader_path/Frameworks";
				PRODUCT_NAME = "$(TARGET_NAME)";
				TEST_HOST = "$(BUILT_PRODUCTS_DIR)/uuu.app/uuu";
			};
			name = Debug;
		};
		32654D581B6B810C0084769E /* Release */ = {
			isa = XCBuildConfiguration;
			buildSettings = {
				BUNDLE_LOADER = "$(TEST_HOST)";
				FRAMEWORK_SEARCH_PATHS = (
					"$(SDKROOT)/Developer/Library/Frameworks",
					"$(inherited)",
				);
				INFOPLIST_FILE = uuuTests/Info.plist;
				LD_RUNPATH_SEARCH_PATHS = "$(inherited) @executable_path/Frameworks @loader_path/Frameworks";
				PRODUCT_NAME = "$(TARGET_NAME)";
				TEST_HOST = "$(BUILT_PRODUCTS_DIR)/uuu.app/uuu";
			};
			name = Release;
		};
/* End XCBuildConfiguration section */

/* Begin XCConfigurationList section */
		32654D2B1B6B810C0084769E /* Build configuration list for PBXProject "uuu" */ = {
			isa = XCConfigurationList;
			buildConfigurations = (
				32654D511B6B810C0084769E /* Debug */,
				32654D521B6B810C0084769E /* Release */,
			);
			defaultConfigurationIsVisible = 0;
			defaultConfigurationName = Release;
		};
		32654D531B6B810C0084769E /* Build configuration list for PBXNativeTarget "uuu" */ = {
			isa = XCConfigurationList;
			buildConfigurations = (
				32654D541B6B810C0084769E /* Debug */,
				32654D551B6B810C0084769E /* Release */,
			);
			defaultConfigurationIsVisible = 0;
		};
		32654D561B6B810C0084769E /* Build configuration list for PBXNativeTarget "uuuTests" */ = {
			isa = XCConfigurationList;
			buildConfigurations = (
				32654D571B6B810C0084769E /* Debug */,
				32654D581B6B810C0084769E /* Release */,
			);
			defaultConfigurationIsVisible = 0;
		};
/* End XCConfigurationList section */
	};
	rootObject = 32654D281B6B810C0084769E /* Project object */;
}
