// !$*UTF8*$!
{
	archiveVersion = 1;
	classes = {
	};
	objectVersion = 46;
	objects = {

/* Begin PBXBuildFile section */
		322D0F5C1B75AA7400624B0E /* main.m in Sources */ = {isa = PBXBuildFile; fileRef = 322D0F5B1B75AA7400624B0E /* main.m */; };
		322D0F5F1B75AA7400624B0E /* AppDelegate.m in Sources */ = {isa = PBXBuildFile; fileRef = 322D0F5E1B75AA7400624B0E /* AppDelegate.m */; };
		322D0F621B75AA7400624B0E /* ____.xcdatamodeld in Sources */ = {isa = PBXBuildFile; fileRef = 322D0F601B75AA7400624B0E /* ____.xcdatamodeld */; };
		322D0F651B75AA7400624B0E /* ViewController.m in Sources */ = {isa = PBXBuildFile; fileRef = 322D0F641B75AA7400624B0E /* ViewController.m */; };
		322D0F681B75AA7400624B0E /* Main.storyboard in Resources */ = {isa = PBXBuildFile; fileRef = 322D0F661B75AA7400624B0E /* Main.storyboard */; };
		322D0F6A1B75AA7400624B0E /* Images.xcassets in Resources */ = {isa = PBXBuildFile; fileRef = 322D0F691B75AA7400624B0E /* Images.xcassets */; };
		322D0F6D1B75AA7400624B0E /* LaunchScreen.xib in Resources */ = {isa = PBXBuildFile; fileRef = 322D0F6B1B75AA7400624B0E /* LaunchScreen.xib */; };
		322D0F791B75AA7500624B0E /* ____Tests.m in Sources */ = {isa = PBXBuildFile; fileRef = 322D0F781B75AA7500624B0E /* ____Tests.m */; };
/* End PBXBuildFile section */

/* Begin PBXContainerItemProxy section */
		322D0F731B75AA7500624B0E /* PBXContainerItemProxy */ = {
			isa = PBXContainerItemProxy;
			containerPortal = 322D0F4E1B75AA7400624B0E /* Project object */;
			proxyType = 1;
			remoteGlobalIDString = 322D0F551B75AA7400624B0E;
			remoteInfo = "自动布局";
		};
/* End PBXContainerItemProxy section */

/* Begin PBXFileReference section */
		322D0F561B75AA7400624B0E /* 自动布局.app */ = {isa = PBXFileReference; explicitFileType = wrapper.application; includeInIndex = 0; path = "自动布局.app"; sourceTree = BUILT_PRODUCTS_DIR; };
		322D0F5A1B75AA7400624B0E /* Info.plist */ = {isa = PBXFileReference; lastKnownFileType = text.plist.xml; path = Info.plist; sourceTree = "<group>"; };
		322D0F5B1B75AA7400624B0E /* main.m */ = {isa = PBXFileReference; lastKnownFileType = sourcecode.c.objc; path = main.m; sourceTree = "<group>"; };
		322D0F5D1B75AA7400624B0E /* AppDelegate.h */ = {isa = PBXFileReference; lastKnownFileType = sourcecode.c.h; path = AppDelegate.h; sourceTree = "<group>"; };
		322D0F5E1B75AA7400624B0E /* AppDelegate.m */ = {isa = PBXFileReference; lastKnownFileType = sourcecode.c.objc; path = AppDelegate.m; sourceTree = "<group>"; };
		322D0F611B75AA7400624B0E /* ____.xcdatamodel */ = {isa = PBXFileReference; lastKnownFileType = wrapper.xcdatamodel; path = "____.xcdatamodel"; sourceTree = "<group>"; };
		322D0F631B75AA7400624B0E /* ViewController.h */ = {isa = PBXFileReference; lastKnownFileType = sourcecode.c.h; path = ViewController.h; sourceTree = "<group>"; };
		322D0F641B75AA7400624B0E /* ViewController.m */ = {isa = PBXFileReference; lastKnownFileType = sourcecode.c.objc; path = ViewController.m; sourceTree = "<group>"; };
		322D0F671B75AA7400624B0E /* Base */ = {isa = PBXFileReference; lastKnownFileType = file.storyboard; name = Base; path = Base.lproj/Main.storyboard; sourceTree = "<group>"; };
		322D0F691B75AA7400624B0E /* Images.xcassets */ = {isa = PBXFileReference; lastKnownFileType = folder.assetcatalog; path = Images.xcassets; sourceTree = "<group>"; };
		322D0F6C1B75AA7400624B0E /* Base */ = {isa = PBXFileReference; lastKnownFileType = file.xib; name = Base; path = Base.lproj/LaunchScreen.xib; sourceTree = "<group>"; };
		322D0F721B75AA7500624B0E /* 自动布局Tests.xctest */ = {isa = PBXFileReference; explicitFileType = wrapper.cfbundle; includeInIndex = 0; path = "自动布局Tests.xctest"; sourceTree = BUILT_PRODUCTS_DIR; };
		322D0F771B75AA7500624B0E /* Info.plist */ = {isa = PBXFileReference; lastKnownFileType = text.plist.xml; path = Info.plist; sourceTree = "<group>"; };
		322D0F781B75AA7500624B0E /* ____Tests.m */ = {isa = PBXFileReference; lastKnownFileType = sourcecode.c.objc; path = "____Tests.m"; sourceTree = "<group>"; };
/* End PBXFileReference section */

/* Begin PBXFrameworksBuildPhase section */
		322D0F531B75AA7400624B0E /* Frameworks */ = {
			isa = PBXFrameworksBuildPhase;
			buildActionMask = 2147483647;
			files = (
			);
			runOnlyForDeploymentPostprocessing = 0;
		};
		322D0F6F1B75AA7500624B0E /* Frameworks */ = {
			isa = PBXFrameworksBuildPhase;
			buildActionMask = 2147483647;
			files = (
			);
			runOnlyForDeploymentPostprocessing = 0;
		};
/* End PBXFrameworksBuildPhase section */

/* Begin PBXGroup section */
		322D0F4D1B75AA7400624B0E = {
			isa = PBXGroup;
			children = (
				322D0F581B75AA7400624B0E /* 自动布局 */,
				322D0F751B75AA7500624B0E /* 自动布局Tests */,
				322D0F571B75AA7400624B0E /* Products */,
			);
			sourceTree = "<group>";
		};
		322D0F571B75AA7400624B0E /* Products */ = {
			isa = PBXGroup;
			children = (
				322D0F561B75AA7400624B0E /* 自动布局.app */,
				322D0F721B75AA7500624B0E /* 自动布局Tests.xctest */,
			);
			name = Products;
			sourceTree = "<group>";
		};
		322D0F581B75AA7400624B0E /* 自动布局 */ = {
			isa = PBXGroup;
			children = (
				322D0F5D1B75AA7400624B0E /* AppDelegate.h */,
				322D0F5E1B75AA7400624B0E /* AppDelegate.m */,
				322D0F631B75AA7400624B0E /* ViewController.h */,
				322D0F641B75AA7400624B0E /* ViewController.m */,
				322D0F661B75AA7400624B0E /* Main.storyboard */,
				322D0F691B75AA7400624B0E /* Images.xcassets */,
				322D0F6B1B75AA7400624B0E /* LaunchScreen.xib */,
				322D0F601B75AA7400624B0E /* ____.xcdatamodeld */,
				322D0F591B75AA7400624B0E /* Supporting Files */,
			);
			path = "自动布局";
			sourceTree = "<group>";
		};
		322D0F591B75AA7400624B0E /* Supporting Files */ = {
			isa = PBXGroup;
			children = (
				322D0F5A1B75AA7400624B0E /* Info.plist */,
				322D0F5B1B75AA7400624B0E /* main.m */,
			);
			name = "Supporting Files";
			sourceTree = "<group>";
		};
		322D0F751B75AA7500624B0E /* 自动布局Tests */ = {
			isa = PBXGroup;
			children = (
				322D0F781B75AA7500624B0E /* ____Tests.m */,
				322D0F761B75AA7500624B0E /* Supporting Files */,
			);
			path = "自动布局Tests";
			sourceTree = "<group>";
		};
		322D0F761B75AA7500624B0E /* Supporting Files */ = {
			isa = PBXGroup;
			children = (
				322D0F771B75AA7500624B0E /* Info.plist */,
			);
			name = "Supporting Files";
			sourceTree = "<group>";
		};
/* End PBXGroup section */

/* Begin PBXNativeTarget section */
		322D0F551B75AA7400624B0E /* 自动布局 */ = {
			isa = PBXNativeTarget;
			buildConfigurationList = 322D0F7C1B75AA7500624B0E /* Build configuration list for PBXNativeTarget "自动布局" */;
			buildPhases = (
				322D0F521B75AA7400624B0E /* Sources */,
				322D0F531B75AA7400624B0E /* Frameworks */,
				322D0F541B75AA7400624B0E /* Resources */,
			);
			buildRules = (
			);
			dependencies = (
			);
			name = "自动布局";
			productName = "自动布局";
			productReference = 322D0F561B75AA7400624B0E /* 自动布局.app */;
			productType = "com.apple.product-type.application";
		};
		322D0F711B75AA7500624B0E /* 自动布局Tests */ = {
			isa = PBXNativeTarget;
			buildConfigurationList = 322D0F7F1B75AA7500624B0E /* Build configuration list for PBXNativeTarget "自动布局Tests" */;
			buildPhases = (
				322D0F6E1B75AA7500624B0E /* Sources */,
				322D0F6F1B75AA7500624B0E /* Frameworks */,
				322D0F701B75AA7500624B0E /* Resources */,
			);
			buildRules = (
			);
			dependencies = (
				322D0F741B75AA7500624B0E /* PBXTargetDependency */,
			);
			name = "自动布局Tests";
			productName = "自动布局Tests";
			productReference = 322D0F721B75AA7500624B0E /* 自动布局Tests.xctest */;
			productType = "com.apple.product-type.bundle.unit-test";
		};
/* End PBXNativeTarget section */

/* Begin PBXProject section */
		322D0F4E1B75AA7400624B0E /* Project object */ = {
			isa = PBXProject;
			attributes = {
				LastUpgradeCheck = 0610;
				ORGANIZATIONNAME = heima;
				TargetAttributes = {
					322D0F551B75AA7400624B0E = {
						CreatedOnToolsVersion = 6.1;
					};
					322D0F711B75AA7500624B0E = {
						CreatedOnToolsVersion = 6.1;
						TestTargetID = 322D0F551B75AA7400624B0E;
					};
				};
			};
			buildConfigurationList = 322D0F511B75AA7400624B0E /* Build configuration list for PBXProject "自动布局" */;
			compatibilityVersion = "Xcode 3.2";
			developmentRegion = English;
			hasScannedForEncodings = 0;
			knownRegions = (
				en,
				Base,
			);
			mainGroup = 322D0F4D1B75AA7400624B0E;
			productRefGroup = 322D0F571B75AA7400624B0E /* Products */;
			projectDirPath = "";
			projectRoot = "";
			targets = (
				322D0F551B75AA7400624B0E /* 自动布局 */,
				322D0F711B75AA7500624B0E /* 自动布局Tests */,
			);
		};
/* End PBXProject section */

/* Begin PBXResourcesBuildPhase section */
		322D0F541B75AA7400624B0E /* Resources */ = {
			isa = PBXResourcesBuildPhase;
			buildActionMask = 2147483647;
			files = (
				322D0F681B75AA7400624B0E /* Main.storyboard in Resources */,
				322D0F6D1B75AA7400624B0E /* LaunchScreen.xib in Resources */,
				322D0F6A1B75AA7400624B0E /* Images.xcassets in Resources */,
			);
			runOnlyForDeploymentPostprocessing = 0;
		};
		322D0F701B75AA7500624B0E /* Resources */ = {
			isa = PBXResourcesBuildPhase;
			buildActionMask = 2147483647;
			files = (
			);
			runOnlyForDeploymentPostprocessing = 0;
		};
/* End PBXResourcesBuildPhase section */

/* Begin PBXSourcesBuildPhase section */
		322D0F521B75AA7400624B0E /* Sources */ = {
			isa = PBXSourcesBuildPhase;
			buildActionMask = 2147483647;
			files = (
				322D0F5F1B75AA7400624B0E /* AppDelegate.m in Sources */,
				322D0F621B75AA7400624B0E /* ____.xcdatamodeld in Sources */,
				322D0F651B75AA7400624B0E /* ViewController.m in Sources */,
				322D0F5C1B75AA7400624B0E /* main.m in Sources */,
			);
			runOnlyForDeploymentPostprocessing = 0;
		};
		322D0F6E1B75AA7500624B0E /* Sources */ = {
			isa = PBXSourcesBuildPhase;
			buildActionMask = 2147483647;
			files = (
				322D0F791B75AA7500624B0E /* ____Tests.m in Sources */,
			);
			runOnlyForDeploymentPostprocessing = 0;
		};
/* End PBXSourcesBuildPhase section */

/* Begin PBXTargetDependency section */
		322D0F741B75AA7500624B0E /* PBXTargetDependency */ = {
			isa = PBXTargetDependency;
			target = 322D0F551B75AA7400624B0E /* 自动布局 */;
			targetProxy = 322D0F731B75AA7500624B0E /* PBXContainerItemProxy */;
		};
/* End PBXTargetDependency section */

/* Begin PBXVariantGroup section */
		322D0F661B75AA7400624B0E /* Main.storyboard */ = {
			isa = PBXVariantGroup;
			children = (
				322D0F671B75AA7400624B0E /* Base */,
			);
			name = Main.storyboard;
			sourceTree = "<group>";
		};
		322D0F6B1B75AA7400624B0E /* LaunchScreen.xib */ = {
			isa = PBXVariantGroup;
			children = (
				322D0F6C1B75AA7400624B0E /* Base */,
			);
			name = LaunchScreen.xib;
			sourceTree = "<group>";
		};
/* End PBXVariantGroup section */

/* Begin XCBuildConfiguration section */
		322D0F7A1B75AA7500624B0E /* Debug */ = {
			isa = XCBuildConfiguration;
			buildSettings = {
				ALWAYS_SEARCH_USER_PATHS = NO;
				CLANG_CXX_LANGUAGE_STANDARD = "gnu++0x";
				CLANG_CXX_LIBRARY = "libc++";
				CLANG_ENABLE_MODULES = YES;
				CLANG_ENABLE_OBJC_ARC = YES;
				CLANG_WARN_BOOL_CONVERSION = YES;
				CLANG_WARN_CONSTANT_CONVERSION = YES;
				CLANG_WARN_DIRECT_OBJC_ISA_USAGE = YES_ERROR;
				CLANG_WARN_EMPTY_BODY = YES;
				CLANG_WARN_ENUM_CONVERSION = YES;
				CLANG_WARN_INT_CONVERSION = YES;
				CLANG_WARN_OBJC_ROOT_CLASS = YES_ERROR;
				CLANG_WARN_UNREACHABLE_CODE = YES;
				CLANG_WARN__DUPLICATE_METHOD_MATCH = YES;
				"CODE_SIGN_IDENTITY[sdk=iphoneos*]" = "iPhone Developer";
				COPY_PHASE_STRIP = NO;
				ENABLE_STRICT_OBJC_MSGSEND = YES;
				GCC_C_LANGUAGE_STANDARD = gnu99;
				GCC_DYNAMIC_NO_PIC = NO;
				GCC_OPTIMIZATION_LEVEL = 0;
				GCC_PREPROCESSOR_DEFINITIONS = (
					"DEBUG=1",
					"$(inherited)",
				);
				GCC_SYMBOLS_PRIVATE_EXTERN = NO;
				GCC_WARN_64_TO_32_BIT_CONVERSION = YES;
				GCC_WARN_ABOUT_RETURN_TYPE = YES_ERROR;
				GCC_WARN_UNDECLARED_SELECTOR = YES;
				GCC_WARN_UNINITIALIZED_AUTOS = YES_AGGRESSIVE;
				GCC_WARN_UNUSED_FUNCTION = YES;
				GCC_WARN_UNUSED_VARIABLE = YES;
				IPHONEOS_DEPLOYMENT_TARGET = 8.1;
				MTL_ENABLE_DEBUG_INFO = YES;
				ONLY_ACTIVE_ARCH = YES;
				SDKROOT = iphoneos;
			};
			name = Debug;
		};
		322D0F7B1B75AA7500624B0E /* Release */ = {
			isa = XCBuildConfiguration;
			buildSettings = {
				ALWAYS_SEARCH_USER_PATHS = NO;
				CLANG_CXX_LANGUAGE_STANDARD = "gnu++0x";
				CLANG_CXX_LIBRARY = "libc++";
				CLANG_ENABLE_MODULES = YES;
				CLANG_ENABLE_OBJC_ARC = YES;
				CLANG_WARN_BOOL_CONVERSION = YES;
				CLANG_WARN_CONSTANT_CONVERSION = YES;
				CLANG_WARN_DIRECT_OBJC_ISA_USAGE = YES_ERROR;
				CLANG_WARN_EMPTY_BODY = YES;
				CLANG_WARN_ENUM_CONVERSION = YES;
				CLANG_WARN_INT_CONVERSION = YES;
				CLANG_WARN_OBJC_ROOT_CLASS = YES_ERROR;
				CLANG_WARN_UNREACHABLE_CODE = YES;
				CLANG_WARN__DUPLICATE_METHOD_MATCH = YES;
				"CODE_SIGN_IDENTITY[sdk=iphoneos*]" = "iPhone Developer";
				COPY_PHASE_STRIP = YES;
				ENABLE_NS_ASSERTIONS = NO;
				ENABLE_STRICT_OBJC_MSGSEND = YES;
				GCC_C_LANGUAGE_STANDARD = gnu99;
				GCC_WARN_64_TO_32_BIT_CONVERSION = YES;
				GCC_WARN_ABOUT_RETURN_TYPE = YES_ERROR;
				GCC_WARN_UNDECLARED_SELECTOR = YES;
				GCC_WARN_UNINITIALIZED_AUTOS = YES_AGGRESSIVE;
				GCC_WARN_UNUSED_FUNCTION = YES;
				GCC_WARN_UNUSED_VARIABLE = YES;
				IPHONEOS_DEPLOYMENT_TARGET = 8.1;
				MTL_ENABLE_DEBUG_INFO = NO;
				SDKROOT = iphoneos;
				VALIDATE_PRODUCT = YES;
			};
			name = Release;
		};
		322D0F7D1B75AA7500624B0E /* Debug */ = {
			isa = XCBuildConfiguration;
			buildSettings = {
				ASSETCATALOG_COMPILER_APPICON_NAME = AppIcon;
				INFOPLIST_FILE = "自动布局/Info.plist";
				LD_RUNPATH_SEARCH_PATHS = "$(inherited) @executable_path/Frameworks";
				PRODUCT_NAME = "$(TARGET_NAME)";
			};
			name = Debug;
		};
		322D0F7E1B75AA7500624B0E /* Release */ = {
			isa = XCBuildConfiguration;
			buildSettings = {
				ASSETCATALOG_COMPILER_APPICON_NAME = AppIcon;
				INFOPLIST_FILE = "自动布局/Info.plist";
				LD_RUNPATH_SEARCH_PATHS = "$(inherited) @executable_path/Frameworks";
				PRODUCT_NAME = "$(TARGET_NAME)";
			};
			name = Release;
		};
		322D0F801B75AA7500624B0E /* Debug */ = {
			isa = XCBuildConfiguration;
			buildSettings = {
				BUNDLE_LOADER = "$(TEST_HOST)";
				FRAMEWORK_SEARCH_PATHS = (
					"$(SDKROOT)/Developer/Library/Frameworks",
					"$(inherited)",
				);
				GCC_PREPROCESSOR_DEFINITIONS = (
					"DEBUG=1",
					"$(inherited)",
				);
				INFOPLIST_FILE = "自动布局Tests/Info.plist";
				LD_RUNPATH_SEARCH_PATHS = "$(inherited) @executable_path/Frameworks @loader_path/Frameworks";
				PRODUCT_NAME = "$(TARGET_NAME)";
				TEST_HOST = "$(BUILT_PRODUCTS_DIR)/自动布局.app/自动布局";
			};
			name = Debug;
		};
		322D0F811B75AA7500624B0E /* Release */ = {
			isa = XCBuildConfiguration;
			buildSettings = {
				BUNDLE_LOADER = "$(TEST_HOST)";
				FRAMEWORK_SEARCH_PATHS = (
					"$(SDKROOT)/Developer/Library/Frameworks",
					"$(inherited)",
				);
				INFOPLIST_FILE = "自动布局Tests/Info.plist";
				LD_RUNPATH_SEARCH_PATHS = "$(inherited) @executable_path/Frameworks @loader_path/Frameworks";
				PRODUCT_NAME = "$(TARGET_NAME)";
				TEST_HOST = "$(BUILT_PRODUCTS_DIR)/自动布局.app/自动布局";
			};
			name = Release;
		};
/* End XCBuildConfiguration section */

/* Begin XCConfigurationList section */
		322D0F511B75AA7400624B0E /* Build configuration list for PBXProject "自动布局" */ = {
			isa = XCConfigurationList;
			buildConfigurations = (
				322D0F7A1B75AA7500624B0E /* Debug */,
				322D0F7B1B75AA7500624B0E /* Release */,
			);
			defaultConfigurationIsVisible = 0;
			defaultConfigurationName = Release;
		};
		322D0F7C1B75AA7500624B0E /* Build configuration list for PBXNativeTarget "自动布局" */ = {
			isa = XCConfigurationList;
			buildConfigurations = (
				322D0F7D1B75AA7500624B0E /* Debug */,
				322D0F7E1B75AA7500624B0E /* Release */,
			);
			defaultConfigurationIsVisible = 0;
		};
		322D0F7F1B75AA7500624B0E /* Build configuration list for PBXNativeTarget "自动布局Tests" */ = {
			isa = XCConfigurationList;
			buildConfigurations = (
				322D0F801B75AA7500624B0E /* Debug */,
				322D0F811B75AA7500624B0E /* Release */,
			);
			defaultConfigurationIsVisible = 0;
		};
/* End XCConfigurationList section */

/* Begin XCVersionGroup section */
		322D0F601B75AA7400624B0E /* ____.xcdatamodeld */ = {
			isa = XCVersionGroup;
			children = (
				322D0F611B75AA7400624B0E /* ____.xcdatamodel */,
			);
			currentVersion = 322D0F611B75AA7400624B0E /* ____.xcdatamodel */;
			path = "____.xcdatamodeld";
			sourceTree = "<group>";
			versionGroupType = wrapper.xcdatamodel;
		};
/* End XCVersionGroup section */
	};
	rootObject = 322D0F4E1B75AA7400624B0E /* Project object */;
}
